
Microsoft Visual Studio Solution File, Format Version 12.00
# Visual Studio 15
VisualStudioVersion = 15.0.27130.2010
MinimumVisualStudioVersion = 10.0.40219.1
Project("{9A19103F-16F7-4668-BE54-9A1E7A4F7556}") = "RemotableObjects", "RemotableObjects\RemotableObjects.csproj", "{0AE91797-AE11-4EBA-A597-BCE95F3F9851}"
EndProject
Project("{9A19103F-16F7-4668-BE54-9A1E7A4F7556}") = "RemotableInterfaces", "RemotableInterfaces\RemotableInterfaces.csproj", "{7E3920A0-F314-4118-99FF-625A81B50A12}"
EndProject
Project("{9A19103F-16F7-4668-BE54-9A1E7A4F7556}") = "RemotableClient", "RemotableClient\RemotableClient.csproj", "{8FF5BDBE-244B-4712-B6C7-7156DB5989AA}"
EndProject
Project("{9A19103F-16F7-4668-BE54-9A1E7A4F7556}") = "RemotableTests", "RemotableTests\RemotableTests.csproj", "{670A26B7-7D56-4372-B2AD-E801A4BDEA31}"
EndProject
Project("{9A19103F-16F7-4668-BE54-9A1E7A4F7556}") = "RemotableProtocol", "RemotableProtocol\RemotableProtocol.csproj", "{A02D23DC-4CA1-4430-8D79-2A92A7634619}"
EndProject
Project("{9A19103F-16F7-4668-BE54-9A1E7A4F7556}") = "RemotableServer", "RemoteServer\RemotableServer.csproj", "{D12531F5-B372-47A8-89AD-9AF078352A09}"
EndProject
Project("{FAE04EC0-301F-11D3-BF4B-00C04F79EFBC}") = "ConsoleServer", "ConsoleServer\ConsoleServer.csproj", "{4F681DF7-2739-4635-ABC4-A4EBAB627B3C}"
EndProject
Global
	GlobalSection(SolutionConfigurationPlatforms) = preSolution
		Debug|Any CPU = Debug|Any CPU
		Release|Any CPU = Release|Any CPU
	EndGlobalSection
	GlobalSection(ProjectConfigurationPlatforms) = postSolution
		{0AE91797-AE11-4EBA-A597-BCE95F3F9851}.Debug|Any CPU.ActiveCfg = Debug|Any CPU
		{0AE91797-AE11-4EBA-A597-BCE95F3F9851}.Debug|Any CPU.Build.0 = Debug|Any CPU
		{0AE91797-AE11-4EBA-A597-BCE95F3F9851}.Release|Any CPU.ActiveCfg = Release|Any CPU
		{0AE91797-AE11-4EBA-A597-BCE95F3F9851}.Release|Any CPU.Build.0 = Release|Any CPU
		{7E3920A0-F314-4118-99FF-625A81B50A12}.Debug|Any CPU.ActiveCfg = Debug|Any CPU
		{7E3920A0-F314-4118-99FF-625A81B50A12}.Debug|Any CPU.Build.0 = Debug|Any CPU
		{7E3920A0-F314-4118-99FF-625A81B50A12}.Release|Any CPU.ActiveCfg = Release|Any CPU
		{7E3920A0-F314-4118-99FF-625A81B50A12}.Release|Any CPU.Build.0 = Release|Any CPU
		{8FF5BDBE-244B-4712-B6C7-7156DB5989AA}.Debug|Any CPU.ActiveCfg = Debug|Any CPU
		{8FF5BDBE-244B-4712-B6C7-7156DB5989AA}.Debug|Any CPU.Build.0 = Debug|Any CPU
		{8FF5BDBE-244B-4712-B6C7-7156DB5989AA}.Release|Any CPU.ActiveCfg = Release|Any CPU
		{8FF5BDBE-244B-4712-B6C7-7156DB5989AA}.Release|Any CPU.Build.0 = Release|Any CPU
		{670A26B7-7D56-4372-B2AD-E801A4BDEA31}.Debug|Any CPU.ActiveCfg = Debug|Any CPU
		{670A26B7-7D56-4372-B2AD-E801A4BDEA31}.Debug|Any CPU.Build.0 = Debug|Any CPU
		{670A26B7-7D56-4372-B2AD-E801A4BDEA31}.Release|Any CPU.ActiveCfg = Release|Any CPU
		{670A26B7-7D56-4372-B2AD-E801A4BDEA31}.Release|Any CPU.Build.0 = Release|Any CPU
		{A02D23DC-4CA1-4430-8D79-2A92A7634619}.Debug|Any CPU.ActiveCfg = Debug|Any CPU
		{A02D23DC-4CA1-4430-8D79-2A92A7634619}.Debug|Any CPU.Build.0 = Debug|Any CPU
		{A02D23DC-4CA1-4430-8D79-2A92A7634619}.Release|Any CPU.ActiveCfg = Release|Any CPU
		{A02D23DC-4CA1-4430-8D79-2A92A7634619}.Release|Any CPU.Build.0 = Release|Any CPU
		{D12531F5-B372-47A8-89AD-9AF078352A09}.Debug|Any CPU.ActiveCfg = Debug|Any CPU
		{D12531F5-B372-47A8-89AD-9AF078352A09}.Debug|Any CPU.Build.0 = Debug|Any CPU
		{D12531F5-B372-47A8-89AD-9AF078352A09}.Release|Any CPU.ActiveCfg = Release|Any CPU
		{D12531F5-B372-47A8-89AD-9AF078352A09}.Release|Any CPU.Build.0 = Release|Any CPU
		{4F681DF7-2739-4635-ABC4-A4EBAB627B3C}.Debug|Any CPU.ActiveCfg = Debug|Any CPU
		{4F681DF7-2739-4635-ABC4-A4EBAB627B3C}.Debug|Any CPU.Build.0 = Debug|Any CPU
		{4F681DF7-2739-4635-ABC4-A4EBAB627B3C}.Release|Any CPU.ActiveCfg = Release|Any CPU
		{4F681DF7-2739-4635-ABC4-A4EBAB627B3C}.Release|Any CPU.Build.0 = Release|Any CPU
	EndGlobalSection
	GlobalSection(SolutionProperties) = preSolution
		HideSolutionNode = FALSE
	EndGlobalSection
	GlobalSection(ExtensibilityGlobals) = postSolution
		SolutionGuid = {496690E2-4EAB-4DE4-B9D9-D88D0F9442BB}
	EndGlobalSection
EndGlobal
